
Microsoft Visual Studio Solution File, Format Version 12.00
# Visual Studio Version 17
VisualStudioVersion = 17.3.32922.545
MinimumVisualStudioVersion = 10.0.40219.1
Project("{FAE04EC0-301F-11D3-BF4B-00C04F79EFBC}") = "BossFight", "BossFight\BossFight.csproj", "{72C297D1-E182-4840-BBC0-8B52F6F29041}"
EndProject
Global
	GlobalSection(SolutionConfigurationPlatforms) = preSolution
		Debug|Any CPU = Debug|Any CPU
		Release|Any CPU = Release|Any CPU
	EndGlobalSection
	GlobalSection(ProjectConfigurationPlatforms) = postSolution
		{72C297D1-E182-4840-BBC0-8B52F6F29041}.Debug|Any CPU.ActiveCfg = Debug|Any CPU
		{72C297D1-E182-4840-BBC0-8B52F6F29041}.Debug|Any CPU.Build.0 = Debug|Any CPU
		{72C297D1-E182-4840-BBC0-8B52F6F29041}.Release|Any CPU.ActiveCfg = Release|Any CPU
		{72C297D1-E182-4840-BBC0-8B52F6F29041}.Release|Any CPU.Build.0 = Release|Any CPU
	EndGlobalSection
	GlobalSection(SolutionProperties) = preSolution
		HideSolutionNode = FALSE
	EndGlobalSection
	GlobalSection(ExtensibilityGlobals) = postSolution
		SolutionGuid = {FFCDA658-9459-4EBA-B985-E2F672CEB6AC}
	EndGlobalSection
EndGlobal
